// !$*UTF8*$!
{
	archiveVersion = 1;
	classes = {
	};
	objectVersion = 56;
	objects = {

/* Begin PBXBuildFile section */
		A1873DCD2916E78B0069CCA6 /* swiftuitestApp.swift in Sources */ = {isa = PBXBuildFile; fileRef = A1873DCC2916E78B0069CCA6 /* swiftuitestApp.swift */; };
		A1873DCF2916E78B0069CCA6 /* ContentView.swift in Sources */ = {isa = PBXBuildFile; fileRef = A1873DCE2916E78B0069CCA6 /* ContentView.swift */; };
		A1873DD12916E78D0069CCA6 /* Assets.xcassets in Resources */ = {isa = PBXBuildFile; fileRef = A1873DD02916E78D0069CCA6 /* Assets.xcassets */; };
		A1873DD42916E78D0069CCA6 /* Preview Assets.xcassets in Resources */ = {isa = PBXBuildFile; fileRef = A1873DD32916E78D0069CCA6 /* Preview Assets.xcassets */; };
		A1873DDE2916E78E0069CCA6 /* swiftuitestTests.swift in Sources */ = {isa = PBXBuildFile; fileRef = A1873DDD2916E78E0069CCA6 /* swiftuitestTests.swift */; };
		A1873DE82916E78E0069CCA6 /* swiftuitestUITests.swift in Sources */ = {isa = PBXBuildFile; fileRef = A1873DE72916E78E0069CCA6 /* swiftuitestUITests.swift */; };
		A1873DEA2916E78E0069CCA6 /* swiftuitestUITestsLaunchTests.swift in Sources */ = {isa = PBXBuildFile; fileRef = A1873DE92916E78E0069CCA6 /* swiftuitestUITestsLaunchTests.swift */; };
		A1873DF729171D320069CCA6 /* DayButton.swift in Sources */ = {isa = PBXBuildFile; fileRef = A1873DF629171D320069CCA6 /* DayButton.swift */; };
		A1873DF92917244D0069CCA6 /* TimeBlock.swift in Sources */ = {isa = PBXBuildFile; fileRef = A1873DF82917244D0069CCA6 /* TimeBlock.swift */; };
		A1873DFB29172E730069CCA6 /* Time.swift in Sources */ = {isa = PBXBuildFile; fileRef = A1873DFA29172E730069CCA6 /* Time.swift */; };
		A1873DFD29175B410069CCA6 /* EventBox.swift in Sources */ = {isa = PBXBuildFile; fileRef = A1873DFC29175B410069CCA6 /* EventBox.swift */; };
		A1873DFF29178E370069CCA6 /* NewEvent.swift in Sources */ = {isa = PBXBuildFile; fileRef = A1873DFE29178E370069CCA6 /* NewEvent.swift */; };
		A1873E01291794470069CCA6 /* AppData.swift in Sources */ = {isa = PBXBuildFile; fileRef = A1873E00291794470069CCA6 /* AppData.swift */; };
		A1FE1E942917F09600B71AB9 /* AppDelegate.swift in Sources */ = {isa = PBXBuildFile; fileRef = A1FE1E932917F09600B71AB9 /* AppDelegate.swift */; };
/* End PBXBuildFile section */

/* Begin PBXContainerItemProxy section */
		A1873DDA2916E78E0069CCA6 /* PBXContainerItemProxy */ = {
			isa = PBXContainerItemProxy;
			containerPortal = A1873DC12916E78B0069CCA6 /* Project object */;
			proxyType = 1;
			remoteGlobalIDString = A1873DC82916E78B0069CCA6;
			remoteInfo = swiftuitest;
		};
		A1873DE42916E78E0069CCA6 /* PBXContainerItemProxy */ = {
			isa = PBXContainerItemProxy;
			containerPortal = A1873DC12916E78B0069CCA6 /* Project object */;
			proxyType = 1;
			remoteGlobalIDString = A1873DC82916E78B0069CCA6;
			remoteInfo = swiftuitest;
		};
/* End PBXContainerItemProxy section */

/* Begin PBXFileReference section */
		A1873DC92916E78B0069CCA6 /* swiftuitest.app */ = {isa = PBXFileReference; explicitFileType = wrapper.application; includeInIndex = 0; path = swiftuitest.app; sourceTree = BUILT_PRODUCTS_DIR; };
		A1873DCC2916E78B0069CCA6 /* swiftuitestApp.swift */ = {isa = PBXFileReference; lastKnownFileType = sourcecode.swift; path = swiftuitestApp.swift; sourceTree = "<group>"; };
		A1873DCE2916E78B0069CCA6 /* ContentView.swift */ = {isa = PBXFileReference; lastKnownFileType = sourcecode.swift; path = ContentView.swift; sourceTree = "<group>"; };
		A1873DD02916E78D0069CCA6 /* Assets.xcassets */ = {isa = PBXFileReference; lastKnownFileType = folder.assetcatalog; path = Assets.xcassets; sourceTree = "<group>"; };
		A1873DD32916E78D0069CCA6 /* Preview Assets.xcassets */ = {isa = PBXFileReference; lastKnownFileType = folder.assetcatalog; path = "Preview Assets.xcassets"; sourceTree = "<group>"; };
		A1873DD92916E78E0069CCA6 /* swiftuitestTests.xctest */ = {isa = PBXFileReference; explicitFileType = wrapper.cfbundle; includeInIndex = 0; path = swiftuitestTests.xctest; sourceTree = BUILT_PRODUCTS_DIR; };
		A1873DDD2916E78E0069CCA6 /* swiftuitestTests.swift */ = {isa = PBXFileReference; lastKnownFileType = sourcecode.swift; path = swiftuitestTests.swift; sourceTree = "<group>"; };
		A1873DE32916E78E0069CCA6 /* swiftuitestUITests.xctest */ = {isa = PBXFileReference; explicitFileType = wrapper.cfbundle; includeInIndex = 0; path = swiftuitestUITests.xctest; sourceTree = BUILT_PRODUCTS_DIR; };
		A1873DE72916E78E0069CCA6 /* swiftuitestUITests.swift */ = {isa = PBXFileReference; lastKnownFileType = sourcecode.swift; path = swiftuitestUITests.swift; sourceTree = "<group>"; };
		A1873DE92916E78E0069CCA6 /* swiftuitestUITestsLaunchTests.swift */ = {isa = PBXFileReference; lastKnownFileType = sourcecode.swift; path = swiftuitestUITestsLaunchTests.swift; sourceTree = "<group>"; };
		A1873DF629171D320069CCA6 /* DayButton.swift */ = {isa = PBXFileReference; lastKnownFileType = sourcecode.swift; path = DayButton.swift; sourceTree = "<group>"; };
		A1873DF82917244D0069CCA6 /* TimeBlock.swift */ = {isa = PBXFileReference; lastKnownFileType = sourcecode.swift; path = TimeBlock.swift; sourceTree = "<group>"; };
		A1873DFA29172E730069CCA6 /* Time.swift */ = {isa = PBXFileReference; lastKnownFileType = sourcecode.swift; path = Time.swift; sourceTree = "<group>"; };
		A1873DFC29175B410069CCA6 /* EventBox.swift */ = {isa = PBXFileReference; lastKnownFileType = sourcecode.swift; path = EventBox.swift; sourceTree = "<group>"; };
		A1873DFE29178E370069CCA6 /* NewEvent.swift */ = {isa = PBXFileReference; lastKnownFileType = sourcecode.swift; path = NewEvent.swift; sourceTree = "<group>"; };
		A1873E00291794470069CCA6 /* AppData.swift */ = {isa = PBXFileReference; lastKnownFileType = sourcecode.swift; path = AppData.swift; sourceTree = "<group>"; };
		A1FE1E932917F09600B71AB9 /* AppDelegate.swift */ = {isa = PBXFileReference; lastKnownFileType = sourcecode.swift; path = AppDelegate.swift; sourceTree = "<group>"; };
/* End PBXFileReference section */

/* Begin PBXFrameworksBuildPhase section */
		A1873DC62916E78B0069CCA6 /* Frameworks */ = {
			isa = PBXFrameworksBuildPhase;
			buildActionMask = 2147483647;
			files = (
			);
			runOnlyForDeploymentPostprocessing = 0;
		};
		A1873DD62916E78E0069CCA6 /* Frameworks */ = {
			isa = PBXFrameworksBuildPhase;
			buildActionMask = 2147483647;
			files = (
			);
			runOnlyForDeploymentPostprocessing = 0;
		};
		A1873DE02916E78E0069CCA6 /* Frameworks */ = {
			isa = PBXFrameworksBuildPhase;
			buildActionMask = 2147483647;
			files = (
			);
			runOnlyForDeploymentPostprocessing = 0;
		};
/* End PBXFrameworksBuildPhase section */

/* Begin PBXGroup section */
		A1873DC02916E78B0069CCA6 = {
			isa = PBXGroup;
			children = (
				A1873DCB2916E78B0069CCA6 /* swiftuitest */,
				A1873DDC2916E78E0069CCA6 /* swiftuitestTests */,
				A1873DE62916E78E0069CCA6 /* swiftuitestUITests */,
				A1873DCA2916E78B0069CCA6 /* Products */,
			);
			sourceTree = "<group>";
		};
		A1873DCA2916E78B0069CCA6 /* Products */ = {
			isa = PBXGroup;
			children = (
				A1873DC92916E78B0069CCA6 /* swiftuitest.app */,
				A1873DD92916E78E0069CCA6 /* swiftuitestTests.xctest */,
				A1873DE32916E78E0069CCA6 /* swiftuitestUITests.xctest */,
			);
			name = Products;
			sourceTree = "<group>";
		};
		A1873DCB2916E78B0069CCA6 /* swiftuitest */ = {
			isa = PBXGroup;
			children = (
				A1873DCC2916E78B0069CCA6 /* swiftuitestApp.swift */,
				A1873DCE2916E78B0069CCA6 /* ContentView.swift */,
				A1873DD02916E78D0069CCA6 /* Assets.xcassets */,
				A1873DD22916E78D0069CCA6 /* Preview Content */,
				A1873DF629171D320069CCA6 /* DayButton.swift */,
				A1873DF82917244D0069CCA6 /* TimeBlock.swift */,
				A1873DFA29172E730069CCA6 /* Time.swift */,
				A1873DFC29175B410069CCA6 /* EventBox.swift */,
				A1873DFE29178E370069CCA6 /* NewEvent.swift */,
				A1873E00291794470069CCA6 /* AppData.swift */,
				A1FE1E932917F09600B71AB9 /* AppDelegate.swift */,
			);
			path = swiftuitest;
			sourceTree = "<group>";
		};
		A1873DD22916E78D0069CCA6 /* Preview Content */ = {
			isa = PBXGroup;
			children = (
				A1873DD32916E78D0069CCA6 /* Preview Assets.xcassets */,
			);
			path = "Preview Content";
			sourceTree = "<group>";
		};
		A1873DDC2916E78E0069CCA6 /* swiftuitestTests */ = {
			isa = PBXGroup;
			children = (
				A1873DDD2916E78E0069CCA6 /* swiftuitestTests.swift */,
			);
			path = swiftuitestTests;
			sourceTree = "<group>";
		};
		A1873DE62916E78E0069CCA6 /* swiftuitestUITests */ = {
			isa = PBXGroup;
			children = (
				A1873DE72916E78E0069CCA6 /* swiftuitestUITests.swift */,
				A1873DE92916E78E0069CCA6 /* swiftuitestUITestsLaunchTests.swift */,
			);
			path = swiftuitestUITests;
			sourceTree = "<group>";
		};
/* End PBXGroup section */

/* Begin PBXNativeTarget section */
		A1873DC82916E78B0069CCA6 /* swiftuitest */ = {
			isa = PBXNativeTarget;
			buildConfigurationList = A1873DED2916E78E0069CCA6 /* Build configuration list for PBXNativeTarget "swiftuitest" */;
			buildPhases = (
				A1873DC52916E78B0069CCA6 /* Sources */,
				A1873DC62916E78B0069CCA6 /* Frameworks */,
				A1873DC72916E78B0069CCA6 /* Resources */,
			);
			buildRules = (
			);
			dependencies = (
			);
			name = swiftuitest;
			productName = swiftuitest;
			productReference = A1873DC92916E78B0069CCA6 /* swiftuitest.app */;
			productType = "com.apple.product-type.application";
		};
		A1873DD82916E78E0069CCA6 /* swiftuitestTests */ = {
			isa = PBXNativeTarget;
			buildConfigurationList = A1873DF02916E78E0069CCA6 /* Build configuration list for PBXNativeTarget "swiftuitestTests" */;
			buildPhases = (
				A1873DD52916E78E0069CCA6 /* Sources */,
				A1873DD62916E78E0069CCA6 /* Frameworks */,
				A1873DD72916E78E0069CCA6 /* Resources */,
			);
			buildRules = (
			);
			dependencies = (
				A1873DDB2916E78E0069CCA6 /* PBXTargetDependency */,
			);
			name = swiftuitestTests;
			productName = swiftuitestTests;
			productReference = A1873DD92916E78E0069CCA6 /* swiftuitestTests.xctest */;
			productType = "com.apple.product-type.bundle.unit-test";
		};
		A1873DE22916E78E0069CCA6 /* swiftuitestUITests */ = {
			isa = PBXNativeTarget;
			buildConfigurationList = A1873DF32916E78E0069CCA6 /* Build configuration list for PBXNativeTarget "swiftuitestUITests" */;
			buildPhases = (
				A1873DDF2916E78E0069CCA6 /* Sources */,
				A1873DE02916E78E0069CCA6 /* Frameworks */,
				A1873DE12916E78E0069CCA6 /* Resources */,
			);
			buildRules = (
			);
			dependencies = (
				A1873DE52916E78E0069CCA6 /* PBXTargetDependency */,
			);
			name = swiftuitestUITests;
			productName = swiftuitestUITests;
			productReference = A1873DE32916E78E0069CCA6 /* swiftuitestUITests.xctest */;
			productType = "com.apple.product-type.bundle.ui-testing";
		};
/* End PBXNativeTarget section */

/* Begin PBXProject section */
		A1873DC12916E78B0069CCA6 /* Project object */ = {
			isa = PBXProject;
			attributes = {
				BuildIndependentTargetsInParallel = 1;
				LastSwiftUpdateCheck = 1410;
				LastUpgradeCheck = 1410;
				TargetAttributes = {
					A1873DC82916E78B0069CCA6 = {
						CreatedOnToolsVersion = 14.1;
					};
					A1873DD82916E78E0069CCA6 = {
						CreatedOnToolsVersion = 14.1;
						TestTargetID = A1873DC82916E78B0069CCA6;
					};
					A1873DE22916E78E0069CCA6 = {
						CreatedOnToolsVersion = 14.1;
						TestTargetID = A1873DC82916E78B0069CCA6;
					};
				};
			};
			buildConfigurationList = A1873DC42916E78B0069CCA6 /* Build configuration list for PBXProject "swiftuitest" */;
			compatibilityVersion = "Xcode 14.0";
			developmentRegion = en;
			hasScannedForEncodings = 0;
			knownRegions = (
				en,
				Base,
			);
			mainGroup = A1873DC02916E78B0069CCA6;
			productRefGroup = A1873DCA2916E78B0069CCA6 /* Products */;
			projectDirPath = "";
			projectRoot = "";
			targets = (
				A1873DC82916E78B0069CCA6 /* swiftuitest */,
				A1873DD82916E78E0069CCA6 /* swiftuitestTests */,
				A1873DE22916E78E0069CCA6 /* swiftuitestUITests */,
			);
		};
/* End PBXProject section */

/* Begin PBXResourcesBuildPhase section */
		A1873DC72916E78B0069CCA6 /* Resources */ = {
			isa = PBXResourcesBuildPhase;
			buildActionMask = 2147483647;
			files = (
				A1873DD42916E78D0069CCA6 /* Preview Assets.xcassets in Resources */,
				A1873DD12916E78D0069CCA6 /* Assets.xcassets in Resources */,
			);
			runOnlyForDeploymentPostprocessing = 0;
		};
		A1873DD72916E78E0069CCA6 /* Resources */ = {
			isa = PBXResourcesBuildPhase;
			buildActionMask = 2147483647;
			files = (
			);
			runOnlyForDeploymentPostprocessing = 0;
		};
		A1873DE12916E78E0069CCA6 /* Resources */ = {
			isa = PBXResourcesBuildPhase;
			buildActionMask = 2147483647;
			files = (
			);
			runOnlyForDeploymentPostprocessing = 0;
		};
/* End PBXResourcesBuildPhase section */

/* Begin PBXSourcesBuildPhase section */
		A1873DC52916E78B0069CCA6 /* Sources */ = {
			isa = PBXSourcesBuildPhase;
			buildActionMask = 2147483647;
			files = (
				A1873DFF29178E370069CCA6 /* NewEvent.swift in Sources */,
				A1873DF92917244D0069CCA6 /* TimeBlock.swift in Sources */,
				A1873DCF2916E78B0069CCA6 /* ContentView.swift in Sources */,
				A1873E01291794470069CCA6 /* AppData.swift in Sources */,
				A1873DFB29172E730069CCA6 /* Time.swift in Sources */,
				A1873DF729171D320069CCA6 /* DayButton.swift in Sources */,
				A1873DFD29175B410069CCA6 /* EventBox.swift in Sources */,
				A1FE1E942917F09600B71AB9 /* AppDelegate.swift in Sources */,
				A1873DCD2916E78B0069CCA6 /* swiftuitestApp.swift in Sources */,
			);
			runOnlyForDeploymentPostprocessing = 0;
		};
		A1873DD52916E78E0069CCA6 /* Sources */ = {
			isa = PBXSourcesBuildPhase;
			buildActionMask = 2147483647;
			files = (
				A1873DDE2916E78E0069CCA6 /* swiftuitestTests.swift in Sources */,
			);
			runOnlyForDeploymentPostprocessing = 0;
		};
		A1873DDF2916E78E0069CCA6 /* Sources */ = {
			isa = PBXSourcesBuildPhase;
			buildActionMask = 2147483647;
			files = (
				A1873DEA2916E78E0069CCA6 /* swiftuitestUITestsLaunchTests.swift in Sources */,
				A1873DE82916E78E0069CCA6 /* swiftuitestUITests.swift in Sources */,
			);
			runOnlyForDeploymentPostprocessing = 0;
		};
/* End PBXSourcesBuildPhase section */

/* Begin PBXTargetDependency section */
		A1873DDB2916E78E0069CCA6 /* PBXTargetDependency */ = {
			isa = PBXTargetDependency;
			target = A1873DC82916E78B0069CCA6 /* swiftuitest */;
			targetProxy = A1873DDA2916E78E0069CCA6 /* PBXContainerItemProxy */;
		};
		A1873DE52916E78E0069CCA6 /* PBXTargetDependency */ = {
			isa = PBXTargetDependency;
			target = A1873DC82916E78B0069CCA6 /* swiftuitest */;
			targetProxy = A1873DE42916E78E0069CCA6 /* PBXContainerItemProxy */;
		};
/* End PBXTargetDependency section */

/* Begin XCBuildConfiguration section */
		A1873DEB2916E78E0069CCA6 /* Debug */ = {
			isa = XCBuildConfiguration;
			buildSettings = {
				ALWAYS_SEARCH_USER_PATHS = NO;
				CLANG_ANALYZER_NONNULL = YES;
				CLANG_ANALYZER_NUMBER_OBJECT_CONVERSION = YES_AGGRESSIVE;
				CLANG_CXX_LANGUAGE_STANDARD = "gnu++20";
				CLANG_ENABLE_MODULES = YES;
				CLANG_ENABLE_OBJC_ARC = YES;
				CLANG_ENABLE_OBJC_WEAK = YES;
				CLANG_WARN_BLOCK_CAPTURE_AUTORELEASING = YES;
				CLANG_WARN_BOOL_CONVERSION = YES;
				CLANG_WARN_COMMA = YES;
				CLANG_WARN_CONSTANT_CONVERSION = YES;
				CLANG_WARN_DEPRECATED_OBJC_IMPLEMENTATIONS = YES;
				CLANG_WARN_DIRECT_OBJC_ISA_USAGE = YES_ERROR;
				CLANG_WARN_DOCUMENTATION_COMMENTS = YES;
				CLANG_WARN_EMPTY_BODY = YES;
				CLANG_WARN_ENUM_CONVERSION = YES;
				CLANG_WARN_INFINITE_RECURSION = YES;
				CLANG_WARN_INT_CONVERSION = YES;
				CLANG_WARN_NON_LITERAL_NULL_CONVERSION = YES;
				CLANG_WARN_OBJC_IMPLICIT_RETAIN_SELF = YES;
				CLANG_WARN_OBJC_LITERAL_CONVERSION = YES;
				CLANG_WARN_OBJC_ROOT_CLASS = YES_ERROR;
				CLANG_WARN_QUOTED_INCLUDE_IN_FRAMEWORK_HEADER = YES;
				CLANG_WARN_RANGE_LOOP_ANALYSIS = YES;
				CLANG_WARN_STRICT_PROTOTYPES = YES;
				CLANG_WARN_SUSPICIOUS_MOVE = YES;
				CLANG_WARN_UNGUARDED_AVAILABILITY = YES_AGGRESSIVE;
				CLANG_WARN_UNREACHABLE_CODE = YES;
				CLANG_WARN__DUPLICATE_METHOD_MATCH = YES;
				COPY_PHASE_STRIP = NO;
				DEBUG_INFORMATION_FORMAT = dwarf;
				ENABLE_STRICT_OBJC_MSGSEND = YES;
				ENABLE_TESTABILITY = YES;
				GCC_C_LANGUAGE_STANDARD = gnu11;
				GCC_DYNAMIC_NO_PIC = NO;
				GCC_NO_COMMON_BLOCKS = YES;
				GCC_OPTIMIZATION_LEVEL = 0;
				GCC_PREPROCESSOR_DEFINITIONS = (
					"DEBUG=1",
					"$(inherited)",
				);
				GCC_WARN_64_TO_32_BIT_CONVERSION = YES;
				GCC_WARN_ABOUT_RETURN_TYPE = YES_ERROR;
				GCC_WARN_UNDECLARED_SELECTOR = YES;
				GCC_WARN_UNINITIALIZED_AUTOS = YES_AGGRESSIVE;
				GCC_WARN_UNUSED_FUNCTION = YES;
				GCC_WARN_UNUSED_VARIABLE = YES;
				IPHONEOS_DEPLOYMENT_TARGET = 16.1;
				MTL_ENABLE_DEBUG_INFO = INCLUDE_SOURCE;
				MTL_FAST_MATH = YES;
				ONLY_ACTIVE_ARCH = YES;
				SDKROOT = iphoneos;
				SWIFT_ACTIVE_COMPILATION_CONDITIONS = DEBUG;
				SWIFT_OPTIMIZATION_LEVEL = "-Onone";
			};
			name = Debug;
		};
		A1873DEC2916E78E0069CCA6 /* Release */ = {
			isa = XCBuildConfiguration;
			buildSettings = {
				ALWAYS_SEARCH_USER_PATHS = NO;
				CLANG_ANALYZER_NONNULL = YES;
				CLANG_ANALYZER_NUMBER_OBJECT_CONVERSION = YES_AGGRESSIVE;
				CLANG_CXX_LANGUAGE_STANDARD = "gnu++20";
				CLANG_ENABLE_MODULES = YES;
				CLANG_ENABLE_OBJC_ARC = YES;
				CLANG_ENABLE_OBJC_WEAK = YES;
				CLANG_WARN_BLOCK_CAPTURE_AUTORELEASING = YES;
				CLANG_WARN_BOOL_CONVERSION = YES;
				CLANG_WARN_COMMA = YES;
				CLANG_WARN_CONSTANT_CONVERSION = YES;
				CLANG_WARN_DEPRECATED_OBJC_IMPLEMENTATIONS = YES;
				CLANG_WARN_DIRECT_OBJC_ISA_USAGE = YES_ERROR;
				CLANG_WARN_DOCUMENTATION_COMMENTS = YES;
				CLANG_WARN_EMPTY_BODY = YES;
				CLANG_WARN_ENUM_CONVERSION = YES;
				CLANG_WARN_INFINITE_RECURSION = YES;
				CLANG_WARN_INT_CONVERSION = YES;
				CLANG_WARN_NON_LITERAL_NULL_CONVERSION = YES;
				CLANG_WARN_OBJC_IMPLICIT_RETAIN_SELF = YES;
				CLANG_WARN_OBJC_LITERAL_CONVERSION = YES;
				CLANG_WARN_OBJC_ROOT_CLASS = YES_ERROR;
				CLANG_WARN_QUOTED_INCLUDE_IN_FRAMEWORK_HEADER = YES;
				CLANG_WARN_RANGE_LOOP_ANALYSIS = YES;
				CLANG_WARN_STRICT_PROTOTYPES = YES;
				CLANG_WARN_SUSPICIOUS_MOVE = YES;
				CLANG_WARN_UNGUARDED_AVAILABILITY = YES_AGGRESSIVE;
				CLANG_WARN_UNREACHABLE_CODE = YES;
				CLANG_WARN__DUPLICATE_METHOD_MATCH = YES;
				COPY_PHASE_STRIP = NO;
				DEBUG_INFORMATION_FORMAT = "dwarf-with-dsym";
				ENABLE_NS_ASSERTIONS = NO;
				ENABLE_STRICT_OBJC_MSGSEND = YES;
				GCC_C_LANGUAGE_STANDARD = gnu11;
				GCC_NO_COMMON_BLOCKS = YES;
				GCC_WARN_64_TO_32_BIT_CONVERSION = YES;
				GCC_WARN_ABOUT_RETURN_TYPE = YES_ERROR;
				GCC_WARN_UNDECLARED_SELECTOR = YES;
				GCC_WARN_UNINITIALIZED_AUTOS = YES_AGGRESSIVE;
				GCC_WARN_UNUSED_FUNCTION = YES;
				GCC_WARN_UNUSED_VARIABLE = YES;
				IPHONEOS_DEPLOYMENT_TARGET = 16.1;
				MTL_ENABLE_DEBUG_INFO = NO;
				MTL_FAST_MATH = YES;
				SDKROOT = iphoneos;
				SWIFT_COMPILATION_MODE = wholemodule;
				SWIFT_OPTIMIZATION_LEVEL = "-O";
				VALIDATE_PRODUCT = YES;
			};
			name = Release;
		};
		A1873DEE2916E78E0069CCA6 /* Debug */ = {
			isa = XCBuildConfiguration;
			buildSettings = {
				ASSETCATALOG_COMPILER_APPICON_NAME = AppIcon;
				ASSETCATALOG_COMPILER_GLOBAL_ACCENT_COLOR_NAME = AccentColor;
				CODE_SIGN_STYLE = Automatic;
				CURRENT_PROJECT_VERSION = 1;
				DEVELOPMENT_ASSET_PATHS = "\"swiftuitest/Preview Content\"";
				DEVELOPMENT_TEAM = KM2CPQ72SX;
				ENABLE_PREVIEWS = YES;
				GENERATE_INFOPLIST_FILE = YES;
				INFOPLIST_KEY_UIApplicationSceneManifest_Generation = YES;
				INFOPLIST_KEY_UIApplicationSupportsIndirectInputEvents = YES;
				INFOPLIST_KEY_UILaunchScreen_Generation = YES;
				INFOPLIST_KEY_UISupportedInterfaceOrientations_iPad = "UIInterfaceOrientationPortrait UIInterfaceOrientationPortraitUpsideDown UIInterfaceOrientationLandscapeLeft UIInterfaceOrientationLandscapeRight";
				INFOPLIST_KEY_UISupportedInterfaceOrientations_iPhone = "UIInterfaceOrientationPortrait UIInterfaceOrientationLandscapeLeft UIInterfaceOrientationLandscapeRight";
				LD_RUNPATH_SEARCH_PATHS = (
					"$(inherited)",
					"@executable_path/Frameworks",
				);
				MARKETING_VERSION = 1.0;
				PRODUCT_BUNDLE_IDENTIFIER = "Andy-Solovyov.swiftuitest";
				PRODUCT_NAME = "$(TARGET_NAME)";
				SWIFT_EMIT_LOC_STRINGS = YES;
				SWIFT_VERSION = 5.0;
				TARGETED_DEVICE_FAMILY = "1,2";
			};
			name = Debug;
		};
		A1873DEF2916E78E0069CCA6 /* Release */ = {
			isa = XCBuildConfiguration;
			buildSettings = {
				ASSETCATALOG_COMPILER_APPICON_NAME = AppIcon;
				ASSETCATALOG_COMPILER_GLOBAL_ACCENT_COLOR_NAME = AccentColor;
				CODE_SIGN_STYLE = Automatic;
				CURRENT_PROJECT_VERSION = 1;
				DEVELOPMENT_ASSET_PATHS = "\"swiftuitest/Preview Content\"";
				DEVELOPMENT_TEAM = KM2CPQ72SX;
				ENABLE_PREVIEWS = YES;
				GENERATE_INFOPLIST_FILE = YES;
				INFOPLIST_KEY_UIApplicationSceneManifest_Generation = YES;
				INFOPLIST_KEY_UIApplicationSupportsIndirectInputEvents = YES;
				INFOPLIST_KEY_UILaunchScreen_Generation = YES;
				INFOPLIST_KEY_UISupportedInterfaceOrientations_iPad = "UIInterfaceOrientationPortrait UIInterfaceOrientationPortraitUpsideDown UIInterfaceOrientationLandscapeLeft UIInterfaceOrientationLandscapeRight";
				INFOPLIST_KEY_UISupportedInterfaceOrientations_iPhone = "UIInterfaceOrientationPortrait UIInterfaceOrientationLandscapeLeft UIInterfaceOrientationLandscapeRight";
				LD_RUNPATH_SEARCH_PATHS = (
					"$(inherited)",
					"@executable_path/Frameworks",
				);
				MARKETING_VERSION = 1.0;
				PRODUCT_BUNDLE_IDENTIFIER = "Andy-Solovyov.swiftuitest";
				PRODUCT_NAME = "$(TARGET_NAME)";
				SWIFT_EMIT_LOC_STRINGS = YES;
				SWIFT_VERSION = 5.0;
				TARGETED_DEVICE_FAMILY = "1,2";
			};
			name = Release;
		};
		A1873DF12916E78E0069CCA6 /* Debug */ = {
			isa = XCBuildConfiguration;
			buildSettings = {
				ALWAYS_EMBED_SWIFT_STANDARD_LIBRARIES = YES;
				BUNDLE_LOADER = "$(TEST_HOST)";
				CODE_SIGN_STYLE = Automatic;
				CURRENT_PROJECT_VERSION = 1;
				DEVELOPMENT_TEAM = KM2CPQ72SX;
				GENERATE_INFOPLIST_FILE = YES;
				IPHONEOS_DEPLOYMENT_TARGET = 16.1;
				MARKETING_VERSION = 1.0;
				PRODUCT_BUNDLE_IDENTIFIER = "Andy-Solovyov.swiftuitestTests";
				PRODUCT_NAME = "$(TARGET_NAME)";
				SWIFT_EMIT_LOC_STRINGS = NO;
				SWIFT_VERSION = 5.0;
				TARGETED_DEVICE_FAMILY = "1,2";
				TEST_HOST = "$(BUILT_PRODUCTS_DIR)/swiftuitest.app/$(BUNDLE_EXECUTABLE_FOLDER_PATH)/swiftuitest";
			};
			name = Debug;
		};
		A1873DF22916E78E0069CCA6 /* Release */ = {
			isa = XCBuildConfiguration;
			buildSettings = {
				ALWAYS_EMBED_SWIFT_STANDARD_LIBRARIES = YES;
				BUNDLE_LOADER = "$(TEST_HOST)";
				CODE_SIGN_STYLE = Automatic;
				CURRENT_PROJECT_VERSION = 1;
				DEVELOPMENT_TEAM = KM2CPQ72SX;
				GENERATE_INFOPLIST_FILE = YES;
				IPHONEOS_DEPLOYMENT_TARGET = 16.1;
				MARKETING_VERSION = 1.0;
				PRODUCT_BUNDLE_IDENTIFIER = "Andy-Solovyov.swiftuitestTests";
				PRODUCT_NAME = "$(TARGET_NAME)";
				SWIFT_EMIT_LOC_STRINGS = NO;
				SWIFT_VERSION = 5.0;
				TARGETED_DEVICE_FAMILY = "1,2";
				TEST_HOST = "$(BUILT_PRODUCTS_DIR)/swiftuitest.app/$(BUNDLE_EXECUTABLE_FOLDER_PATH)/swiftuitest";
			};
			name = Release;
		};
		A1873DF42916E78E0069CCA6 /* Debug */ = {
			isa = XCBuildConfiguration;
			buildSettings = {
				ALWAYS_EMBED_SWIFT_STANDARD_LIBRARIES = YES;
				CODE_SIGN_STYLE = Automatic;
				CURRENT_PROJECT_VERSION = 1;
				DEVELOPMENT_TEAM = KM2CPQ72SX;
				GENERATE_INFOPLIST_FILE = YES;
				MARKETING_VERSION = 1.0;
				PRODUCT_BUNDLE_IDENTIFIER = "Andy-Solovyov.swiftuitestUITests";
				PRODUCT_NAME = "$(TARGET_NAME)";
				SWIFT_EMIT_LOC_STRINGS = NO;
				SWIFT_VERSION = 5.0;
				TARGETED_DEVICE_FAMILY = "1,2";
				TEST_TARGET_NAME = swiftuitest;
			};
			name = Debug;
		};
		A1873DF52916E78E0069CCA6 /* Release */ = {
			isa = XCBuildConfiguration;
			buildSettings = {
				ALWAYS_EMBED_SWIFT_STANDARD_LIBRARIES = YES;
				CODE_SIGN_STYLE = Automatic;
				CURRENT_PROJECT_VERSION = 1;
				DEVELOPMENT_TEAM = KM2CPQ72SX;
				GENERATE_INFOPLIST_FILE = YES;
				MARKETING_VERSION = 1.0;
				PRODUCT_BUNDLE_IDENTIFIER = "Andy-Solovyov.swiftuitestUITests";
				PRODUCT_NAME = "$(TARGET_NAME)";
				SWIFT_EMIT_LOC_STRINGS = NO;
				SWIFT_VERSION = 5.0;
				TARGETED_DEVICE_FAMILY = "1,2";
				TEST_TARGET_NAME = swiftuitest;
			};
			name = Release;
		};
/* End XCBuildConfiguration section */

/* Begin XCConfigurationList section */
		A1873DC42916E78B0069CCA6 /* Build configuration list for PBXProject "swiftuitest" */ = {
			isa = XCConfigurationList;
			buildConfigurations = (
				A1873DEB2916E78E0069CCA6 /* Debug */,
				A1873DEC2916E78E0069CCA6 /* Release */,
			);
			defaultConfigurationIsVisible = 0;
			defaultConfigurationName = Release;
		};
		A1873DED2916E78E0069CCA6 /* Build configuration list for PBXNativeTarget "swiftuitest" */ = {
			isa = XCConfigurationList;
			buildConfigurations = (
				A1873DEE2916E78E0069CCA6 /* Debug */,
				A1873DEF2916E78E0069CCA6 /* Release */,
			);
			defaultConfigurationIsVisible = 0;
			defaultConfigurationName = Release;
		};
		A1873DF02916E78E0069CCA6 /* Build configuration list for PBXNativeTarget "swiftuitestTests" */ = {
			isa = XCConfigurationList;
			buildConfigurations = (
				A1873DF12916E78E0069CCA6 /* Debug */,
				A1873DF22916E78E0069CCA6 /* Release */,
			);
			defaultConfigurationIsVisible = 0;
			defaultConfigurationName = Release;
		};
		A1873DF32916E78E0069CCA6 /* Build configuration list for PBXNativeTarget "swiftuitestUITests" */ = {
			isa = XCConfigurationList;
			buildConfigurations = (
				A1873DF42916E78E0069CCA6 /* Debug */,
				A1873DF52916E78E0069CCA6 /* Release */,
			);
			defaultConfigurationIsVisible = 0;
			defaultConfigurationName = Release;
		};
/* End XCConfigurationList section */
	};
	rootObject = A1873DC12916E78B0069CCA6 /* Project object */;
}
